// !$*UTF8*$!
{
	archiveVersion = 1;
	classes = {
	};
	objectVersion = 51;
	objects = {

/* Begin PBXBuildFile section */
		54FFBBF5C5012ADB8F4DEC7D /* Pods_TestingDatabase.framework in Frameworks */ = {isa = PBXBuildFile; fileRef = 17DD0EDDD91F498D85F59E28 /* Pods_TestingDatabase.framework */; };
		8D5A370C2563971800451664 /* AppDelegate.swift in Sources */ = {isa = PBXBuildFile; fileRef = 8D5A370B2563971800451664 /* AppDelegate.swift */; };
		8D5A370E2563971800451664 /* SceneDelegate.swift in Sources */ = {isa = PBXBuildFile; fileRef = 8D5A370D2563971800451664 /* SceneDelegate.swift */; };
		8D5A37102563971800451664 /* ViewController.swift in Sources */ = {isa = PBXBuildFile; fileRef = 8D5A370F2563971800451664 /* ViewController.swift */; };
		8D5A37202563984200451664 /* GoogleService-Info.plist in Resources */ = {isa = PBXBuildFile; fileRef = 8D5A371F2563984100451664 /* GoogleService-Info.plist */; };
		8DFE6550256F208A00E10FEE /* Event.swift in Sources */ = {isa = PBXBuildFile; fileRef = 8DFE654F256F208A00E10FEE /* Event.swift */; };
		8DFE6563257597F000E10FEE /* EditProfileViewController.swift in Sources */ = {isa = PBXBuildFile; fileRef = 8DFE6552257597E800E10FEE /* EditProfileViewController.swift */; };
		8DFE6564257597F000E10FEE /* ConnectionsViewController.swift in Sources */ = {isa = PBXBuildFile; fileRef = 8DFE6553257597E900E10FEE /* ConnectionsViewController.swift */; };
		8DFE6565257597F000E10FEE /* TabBarController.swift in Sources */ = {isa = PBXBuildFile; fileRef = 8DFE6554257597E900E10FEE /* TabBarController.swift */; };
		8DFE6566257597F000E10FEE /* ConnectionViewCell.swift in Sources */ = {isa = PBXBuildFile; fileRef = 8DFE6555257597EA00E10FEE /* ConnectionViewCell.swift */; };
		8DFE6567257597F000E10FEE /* EventDetailedViewController.swift in Sources */ = {isa = PBXBuildFile; fileRef = 8DFE6556257597EB00E10FEE /* EventDetailedViewController.swift */; };
		8DFE6568257597F000E10FEE /* ProfileViewController.swift in Sources */ = {isa = PBXBuildFile; fileRef = 8DFE6557257597EB00E10FEE /* ProfileViewController.swift */; };
		8DFE6569257597F000E10FEE /* Connection.swift in Sources */ = {isa = PBXBuildFile; fileRef = 8DFE6558257597EC00E10FEE /* Connection.swift */; };
		8DFE656A257597F000E10FEE /* EventViewCell.swift in Sources */ = {isa = PBXBuildFile; fileRef = 8DFE6559257597EC00E10FEE /* EventViewCell.swift */; };
		8DFE656B257597F000E10FEE /* AddEventViewController.swift in Sources */ = {isa = PBXBuildFile; fileRef = 8DFE655A257597ED00E10FEE /* AddEventViewController.swift */; };
		8DFE656C257597F000E10FEE /* LoginViewController.swift in Sources */ = {isa = PBXBuildFile; fileRef = 8DFE655B257597ED00E10FEE /* LoginViewController.swift */; };
		8DFE656D257597F000E10FEE /* LaunchScreen.storyboard in Resources */ = {isa = PBXBuildFile; fileRef = 8DFE655C257597EE00E10FEE /* LaunchScreen.storyboard */; };
		8DFE656E257597F000E10FEE /* Main.storyboard in Resources */ = {isa = PBXBuildFile; fileRef = 8DFE655D257597EE00E10FEE /* Main.storyboard */; };
		8DFE656F257597F000E10FEE /* ConnectionDetailedViewController.swift in Sources */ = {isa = PBXBuildFile; fileRef = 8DFE655E257597EF00E10FEE /* ConnectionDetailedViewController.swift */; };
		8DFE6571257597F000E10FEE /* EventViewController.swift in Sources */ = {isa = PBXBuildFile; fileRef = 8DFE6560257597F000E10FEE /* EventViewController.swift */; };
		F8D9DE02257ED047002FB194 /* Assets.xcassets in Resources */ = {isa = PBXBuildFile; fileRef = F8D9DE01257ED047002FB194 /* Assets.xcassets */; };
/* End PBXBuildFile section */

/* Begin PBXFileReference section */
		17DD0EDDD91F498D85F59E28 /* Pods_TestingDatabase.framework */ = {isa = PBXFileReference; explicitFileType = wrapper.framework; includeInIndex = 0; path = Pods_TestingDatabase.framework; sourceTree = BUILT_PRODUCTS_DIR; };
		61E7E99E2561520D81340019 /* Pods-TestingDatabase.release.xcconfig */ = {isa = PBXFileReference; includeInIndex = 1; lastKnownFileType = text.xcconfig; name = "Pods-TestingDatabase.release.xcconfig"; path = "Target Support Files/Pods-TestingDatabase/Pods-TestingDatabase.release.xcconfig"; sourceTree = "<group>"; };
		8D5A37082563971800451664 /* SafeConnect.app */ = {isa = PBXFileReference; explicitFileType = wrapper.application; includeInIndex = 0; path = SafeConnect.app; sourceTree = BUILT_PRODUCTS_DIR; };
		8D5A370B2563971800451664 /* AppDelegate.swift */ = {isa = PBXFileReference; lastKnownFileType = sourcecode.swift; path = AppDelegate.swift; sourceTree = "<group>"; };
		8D5A370D2563971800451664 /* SceneDelegate.swift */ = {isa = PBXFileReference; lastKnownFileType = sourcecode.swift; path = SceneDelegate.swift; sourceTree = "<group>"; };
		8D5A370F2563971800451664 /* ViewController.swift */ = {isa = PBXFileReference; lastKnownFileType = sourcecode.swift; path = ViewController.swift; sourceTree = "<group>"; };
		8D5A371F2563984100451664 /* GoogleService-Info.plist */ = {isa = PBXFileReference; fileEncoding = 4; lastKnownFileType = text.plist.xml; path = "GoogleService-Info.plist"; sourceTree = "<group>"; };
		8DFE654F256F208A00E10FEE /* Event.swift */ = {isa = PBXFileReference; lastKnownFileType = sourcecode.swift; path = Event.swift; sourceTree = "<group>"; };
		8DFE6552257597E800E10FEE /* EditProfileViewController.swift */ = {isa = PBXFileReference; fileEncoding = 4; lastKnownFileType = sourcecode.swift; path = EditProfileViewController.swift; sourceTree = "<group>"; };
		8DFE6553257597E900E10FEE /* ConnectionsViewController.swift */ = {isa = PBXFileReference; fileEncoding = 4; lastKnownFileType = sourcecode.swift; path = ConnectionsViewController.swift; sourceTree = "<group>"; };
		8DFE6554257597E900E10FEE /* TabBarController.swift */ = {isa = PBXFileReference; fileEncoding = 4; lastKnownFileType = sourcecode.swift; path = TabBarController.swift; sourceTree = "<group>"; };
		8DFE6555257597EA00E10FEE /* ConnectionViewCell.swift */ = {isa = PBXFileReference; fileEncoding = 4; lastKnownFileType = sourcecode.swift; path = ConnectionViewCell.swift; sourceTree = "<group>"; };
		8DFE6556257597EB00E10FEE /* EventDetailedViewController.swift */ = {isa = PBXFileReference; fileEncoding = 4; lastKnownFileType = sourcecode.swift; path = EventDetailedViewController.swift; sourceTree = "<group>"; };
		8DFE6557257597EB00E10FEE /* ProfileViewController.swift */ = {isa = PBXFileReference; fileEncoding = 4; lastKnownFileType = sourcecode.swift; path = ProfileViewController.swift; sourceTree = "<group>"; };
		8DFE6558257597EC00E10FEE /* Connection.swift */ = {isa = PBXFileReference; fileEncoding = 4; lastKnownFileType = sourcecode.swift; path = Connection.swift; sourceTree = "<group>"; };
		8DFE6559257597EC00E10FEE /* EventViewCell.swift */ = {isa = PBXFileReference; fileEncoding = 4; lastKnownFileType = sourcecode.swift; path = EventViewCell.swift; sourceTree = "<group>"; };
		8DFE655A257597ED00E10FEE /* AddEventViewController.swift */ = {isa = PBXFileReference; fileEncoding = 4; lastKnownFileType = sourcecode.swift; path = AddEventViewController.swift; sourceTree = "<group>"; };
		8DFE655B257597ED00E10FEE /* LoginViewController.swift */ = {isa = PBXFileReference; fileEncoding = 4; lastKnownFileType = sourcecode.swift; path = LoginViewController.swift; sourceTree = "<group>"; };
		8DFE655C257597EE00E10FEE /* LaunchScreen.storyboard */ = {isa = PBXFileReference; fileEncoding = 4; lastKnownFileType = file.storyboard; path = LaunchScreen.storyboard; sourceTree = "<group>"; };
		8DFE655D257597EE00E10FEE /* Main.storyboard */ = {isa = PBXFileReference; fileEncoding = 4; lastKnownFileType = file.storyboard; path = Main.storyboard; sourceTree = "<group>"; };
		8DFE655E257597EF00E10FEE /* ConnectionDetailedViewController.swift */ = {isa = PBXFileReference; fileEncoding = 4; lastKnownFileType = sourcecode.swift; path = ConnectionDetailedViewController.swift; sourceTree = "<group>"; };
		8DFE6560257597F000E10FEE /* EventViewController.swift */ = {isa = PBXFileReference; fileEncoding = 4; lastKnownFileType = sourcecode.swift; path = EventViewController.swift; sourceTree = "<group>"; };
		8DFE6561257597F000E10FEE /* Info.plist */ = {isa = PBXFileReference; fileEncoding = 4; lastKnownFileType = text.plist.xml; name = Info.plist; path = "../../../Downloads/SafeConnect-2/SafeConnect/SafeConnect/Info.plist"; sourceTree = "<group>"; };
		AA654B14923CBCAFE7FA07A7 /* Pods-TestingDatabase.debug.xcconfig */ = {isa = PBXFileReference; includeInIndex = 1; lastKnownFileType = text.xcconfig; name = "Pods-TestingDatabase.debug.xcconfig"; path = "Target Support Files/Pods-TestingDatabase/Pods-TestingDatabase.debug.xcconfig"; sourceTree = "<group>"; };
		F8D9DE01257ED047002FB194 /* Assets.xcassets */ = {isa = PBXFileReference; lastKnownFileType = folder.assetcatalog; path = Assets.xcassets; sourceTree = "<group>"; };
/* End PBXFileReference section */

/* Begin PBXFrameworksBuildPhase section */
		8D5A37052563971800451664 /* Frameworks */ = {
			isa = PBXFrameworksBuildPhase;
			buildActionMask = 2147483647;
			files = (
				54FFBBF5C5012ADB8F4DEC7D /* Pods_TestingDatabase.framework in Frameworks */,
			);
			runOnlyForDeploymentPostprocessing = 0;
		};
/* End PBXFrameworksBuildPhase section */

/* Begin PBXGroup section */
		64E1D06344938E9FEBA09248 /* Frameworks */ = {
			isa = PBXGroup;
			children = (
				17DD0EDDD91F498D85F59E28 /* Pods_TestingDatabase.framework */,
			);
			name = Frameworks;
			sourceTree = "<group>";
		};
		8D5A36FF2563971800451664 = {
			isa = PBXGroup;
			children = (
				8D5A370A2563971800451664 /* TestingDatabase */,
				8D5A37092563971800451664 /* Products */,
				64E1D06344938E9FEBA09248 /* Frameworks */,
				D4B0F5EFF2B314F51D683C2F /* Pods */,
			);
			sourceTree = "<group>";
		};
		8D5A37092563971800451664 /* Products */ = {
			isa = PBXGroup;
			children = (
				8D5A37082563971800451664 /* SafeConnect.app */,
			);
			name = Products;
			sourceTree = "<group>";
		};
		8D5A370A2563971800451664 /* TestingDatabase */ = {
			isa = PBXGroup;
			children = (
				8D5A370B2563971800451664 /* AppDelegate.swift */,
				8D5A370D2563971800451664 /* SceneDelegate.swift */,
				8D5A370F2563971800451664 /* ViewController.swift */,
				8DFE655A257597ED00E10FEE /* AddEventViewController.swift */,
				8DFE6558257597EC00E10FEE /* Connection.swift */,
				8DFE655E257597EF00E10FEE /* ConnectionDetailedViewController.swift */,
				8DFE6553257597E900E10FEE /* ConnectionsViewController.swift */,
				8DFE6555257597EA00E10FEE /* ConnectionViewCell.swift */,
				8DFE6552257597E800E10FEE /* EditProfileViewController.swift */,
				8DFE654F256F208A00E10FEE /* Event.swift */,
				8DFE6556257597EB00E10FEE /* EventDetailedViewController.swift */,
				8DFE6559257597EC00E10FEE /* EventViewCell.swift */,
				8DFE6560257597F000E10FEE /* EventViewController.swift */,
				8DFE6561257597F000E10FEE /* Info.plist */,
				8DFE655C257597EE00E10FEE /* LaunchScreen.storyboard */,
				8DFE655B257597ED00E10FEE /* LoginViewController.swift */,
				8DFE655D257597EE00E10FEE /* Main.storyboard */,
				8DFE6557257597EB00E10FEE /* ProfileViewController.swift */,
				8DFE6554257597E900E10FEE /* TabBarController.swift */,
				8D5A371F2563984100451664 /* GoogleService-Info.plist */,
				F8D9DE01257ED047002FB194 /* Assets.xcassets */,
			);
			path = TestingDatabase;
			sourceTree = "<group>";
		};
		D4B0F5EFF2B314F51D683C2F /* Pods */ = {
			isa = PBXGroup;
			children = (
				AA654B14923CBCAFE7FA07A7 /* Pods-TestingDatabase.debug.xcconfig */,
				61E7E99E2561520D81340019 /* Pods-TestingDatabase.release.xcconfig */,
			);
			path = Pods;
			sourceTree = "<group>";
		};
/* End PBXGroup section */

/* Begin PBXNativeTarget section */
		8D5A37072563971800451664 /* TestingDatabase */ = {
			isa = PBXNativeTarget;
			buildConfigurationList = 8D5A371C2563972000451664 /* Build configuration list for PBXNativeTarget "TestingDatabase" */;
			buildPhases = (
				A22A205687EA48D7B03FCE6E /* [CP] Check Pods Manifest.lock */,
				8D5A37042563971800451664 /* Sources */,
				8D5A37052563971800451664 /* Frameworks */,
				8D5A37062563971800451664 /* Resources */,
				22EBBBCDB1F294BEE312C87C /* [CP] Embed Pods Frameworks */,
				A45B267CC62DC38E4814715B /* [CP] Copy Pods Resources */,
			);
			buildRules = (
			);
			dependencies = (
			);
			name = TestingDatabase;
			productName = TestingDatabase;
			productReference = 8D5A37082563971800451664 /* SafeConnect.app */;
			productType = "com.apple.product-type.application";
		};
/* End PBXNativeTarget section */

/* Begin PBXProject section */
		8D5A37002563971800451664 /* Project object */ = {
			isa = PBXProject;
			attributes = {
				LastSwiftUpdateCheck = 1150;
				LastUpgradeCheck = 1220;
				ORGANIZATIONNAME = "Keith Nelson";
				TargetAttributes = {
					8D5A37072563971800451664 = {
						CreatedOnToolsVersion = 11.5;
					};
				};
			};
			buildConfigurationList = 8D5A37032563971800451664 /* Build configuration list for PBXProject "TestingDatabase" */;
			compatibilityVersion = "Xcode 9.3";
			developmentRegion = en;
			hasScannedForEncodings = 0;
			knownRegions = (
				en,
				Base,
			);
			mainGroup = 8D5A36FF2563971800451664;
			productRefGroup = 8D5A37092563971800451664 /* Products */;
			projectDirPath = "";
			projectRoot = "";
			targets = (
				8D5A37072563971800451664 /* TestingDatabase */,
			);
		};
/* End PBXProject section */

/* Begin PBXResourcesBuildPhase section */
		8D5A37062563971800451664 /* Resources */ = {
			isa = PBXResourcesBuildPhase;
			buildActionMask = 2147483647;
			files = (
				8DFE656E257597F000E10FEE /* Main.storyboard in Resources */,
				8D5A37202563984200451664 /* GoogleService-Info.plist in Resources */,
				8DFE656D257597F000E10FEE /* LaunchScreen.storyboard in Resources */,
				F8D9DE02257ED047002FB194 /* Assets.xcassets in Resources */,
			);
			runOnlyForDeploymentPostprocessing = 0;
		};
/* End PBXResourcesBuildPhase section */

/* Begin PBXShellScriptBuildPhase section */
		22EBBBCDB1F294BEE312C87C /* [CP] Embed Pods Frameworks */ = {
			isa = PBXShellScriptBuildPhase;
			buildActionMask = 2147483647;
			files = (
			);
			inputFileListPaths = (
				"${PODS_ROOT}/Target Support Files/Pods-TestingDatabase/Pods-TestingDatabase-frameworks-${CONFIGURATION}-input-files.xcfilelist",
			);
			name = "[CP] Embed Pods Frameworks";
			outputFileListPaths = (
				"${PODS_ROOT}/Target Support Files/Pods-TestingDatabase/Pods-TestingDatabase-frameworks-${CONFIGURATION}-output-files.xcfilelist",
			);
			runOnlyForDeploymentPostprocessing = 0;
			shellPath = /bin/sh;
			shellScript = "\"${PODS_ROOT}/Target Support Files/Pods-TestingDatabase/Pods-TestingDatabase-frameworks.sh\"\n";
			showEnvVarsInLog = 0;
		};
		A22A205687EA48D7B03FCE6E /* [CP] Check Pods Manifest.lock */ = {
			isa = PBXShellScriptBuildPhase;
			buildActionMask = 2147483647;
			files = (
			);
			inputFileListPaths = (
			);
			inputPaths = (
				"${PODS_PODFILE_DIR_PATH}/Podfile.lock",
				"${PODS_ROOT}/Manifest.lock",
			);
			name = "[CP] Check Pods Manifest.lock";
			outputFileListPaths = (
			);
			outputPaths = (
				"$(DERIVED_FILE_DIR)/Pods-TestingDatabase-checkManifestLockResult.txt",
			);
			runOnlyForDeploymentPostprocessing = 0;
			shellPath = /bin/sh;
			shellScript = "diff \"${PODS_PODFILE_DIR_PATH}/Podfile.lock\" \"${PODS_ROOT}/Manifest.lock\" > /dev/null\nif [ $? != 0 ] ; then\n    # print error to STDERR\n    echo \"error: The sandbox is not in sync with the Podfile.lock. Run 'pod install' or update your CocoaPods installation.\" >&2\n    exit 1\nfi\n# This output is used by Xcode 'outputs' to avoid re-running this script phase.\necho \"SUCCESS\" > \"${SCRIPT_OUTPUT_FILE_0}\"\n";
			showEnvVarsInLog = 0;
		};
		A45B267CC62DC38E4814715B /* [CP] Copy Pods Resources */ = {
			isa = PBXShellScriptBuildPhase;
			buildActionMask = 2147483647;
			files = (
			);
			inputFileListPaths = (
				"${PODS_ROOT}/Target Support Files/Pods-TestingDatabase/Pods-TestingDatabase-resources-${CONFIGURATION}-input-files.xcfilelist",
			);
			name = "[CP] Copy Pods Resources";
			outputFileListPaths = (
				"${PODS_ROOT}/Target Support Files/Pods-TestingDatabase/Pods-TestingDatabase-resources-${CONFIGURATION}-output-files.xcfilelist",
			);
			runOnlyForDeploymentPostprocessing = 0;
			shellPath = /bin/sh;
			shellScript = "\"${PODS_ROOT}/Target Support Files/Pods-TestingDatabase/Pods-TestingDatabase-resources.sh\"\n";
			showEnvVarsInLog = 0;
		};
/* End PBXShellScriptBuildPhase section */

/* Begin PBXSourcesBuildPhase section */
		8D5A37042563971800451664 /* Sources */ = {
			isa = PBXSourcesBuildPhase;
			buildActionMask = 2147483647;
			files = (
				8D5A37102563971800451664 /* ViewController.swift in Sources */,
				8DFE6565257597F000E10FEE /* TabBarController.swift in Sources */,
				8D5A370C2563971800451664 /* AppDelegate.swift in Sources */,
				8DFE656C257597F000E10FEE /* LoginViewController.swift in Sources */,
				8DFE656A257597F000E10FEE /* EventViewCell.swift in Sources */,
				8DFE6563257597F000E10FEE /* EditProfileViewController.swift in Sources */,
				8D5A370E2563971800451664 /* SceneDelegate.swift in Sources */,
				8DFE6564257597F000E10FEE /* ConnectionsViewController.swift in Sources */,
				8DFE6568257597F000E10FEE /* ProfileViewController.swift in Sources */,
				8DFE6569257597F000E10FEE /* Connection.swift in Sources */,
				8DFE6566257597F000E10FEE /* ConnectionViewCell.swift in Sources */,
				8DFE6550256F208A00E10FEE /* Event.swift in Sources */,
				8DFE656F257597F000E10FEE /* ConnectionDetailedViewController.swift in Sources */,
				8DFE656B257597F000E10FEE /* AddEventViewController.swift in Sources */,
				8DFE6567257597F000E10FEE /* EventDetailedViewController.swift in Sources */,
				8DFE6571257597F000E10FEE /* EventViewController.swift in Sources */,
			);
			runOnlyForDeploymentPostprocessing = 0;
		};
/* End PBXSourcesBuildPhase section */

/* Begin XCBuildConfiguration section */
		8D5A371A2563972000451664 /* Debug */ = {
			isa = XCBuildConfiguration;
			buildSettings = {
				ALWAYS_SEARCH_USER_PATHS = NO;
				CLANG_ANALYZER_NONNULL = YES;
				CLANG_ANALYZER_NUMBER_OBJECT_CONVERSION = YES_AGGRESSIVE;
				CLANG_CXX_LANGUAGE_STANDARD = "gnu++14";
				CLANG_CXX_LIBRARY = "libc++";
				CLANG_ENABLE_MODULES = YES;
				CLANG_ENABLE_OBJC_ARC = YES;
				CLANG_ENABLE_OBJC_WEAK = YES;
				CLANG_WARN_BLOCK_CAPTURE_AUTORELEASING = YES;
				CLANG_WARN_BOOL_CONVERSION = YES;
				CLANG_WARN_COMMA = YES;
				CLANG_WARN_CONSTANT_CONVERSION = YES;
				CLANG_WARN_DEPRECATED_OBJC_IMPLEMENTATIONS = YES;
				CLANG_WARN_DIRECT_OBJC_ISA_USAGE = YES_ERROR;
				CLANG_WARN_DOCUMENTATION_COMMENTS = YES;
				CLANG_WARN_EMPTY_BODY = YES;
				CLANG_WARN_ENUM_CONVERSION = YES;
				CLANG_WARN_INFINITE_RECURSION = YES;
				CLANG_WARN_INT_CONVERSION = YES;
				CLANG_WARN_NON_LITERAL_NULL_CONVERSION = YES;
				CLANG_WARN_OBJC_IMPLICIT_RETAIN_SELF = YES;
				CLANG_WARN_OBJC_LITERAL_CONVERSION = YES;
				CLANG_WARN_OBJC_ROOT_CLASS = YES_ERROR;
				CLANG_WARN_QUOTED_INCLUDE_IN_FRAMEWORK_HEADER = YES;
				CLANG_WARN_RANGE_LOOP_ANALYSIS = YES;
				CLANG_WARN_STRICT_PROTOTYPES = YES;
				CLANG_WARN_SUSPICIOUS_MOVE = YES;
				CLANG_WARN_UNGUARDED_AVAILABILITY = YES_AGGRESSIVE;
				CLANG_WARN_UNREACHABLE_CODE = YES;
				CLANG_WARN__DUPLICATE_METHOD_MATCH = YES;
				COPY_PHASE_STRIP = NO;
				DEBUG_INFORMATION_FORMAT = dwarf;
				ENABLE_STRICT_OBJC_MSGSEND = YES;
				ENABLE_TESTABILITY = YES;
				GCC_C_LANGUAGE_STANDARD = gnu11;
				GCC_DYNAMIC_NO_PIC = NO;
				GCC_NO_COMMON_BLOCKS = YES;
				GCC_OPTIMIZATION_LEVEL = 0;
				GCC_PREPROCESSOR_DEFINITIONS = (
					"DEBUG=1",
					"$(inherited)",
				);
				GCC_WARN_64_TO_32_BIT_CONVERSION = YES;
				GCC_WARN_ABOUT_RETURN_TYPE = YES_ERROR;
				GCC_WARN_UNDECLARED_SELECTOR = YES;
				GCC_WARN_UNINITIALIZED_AUTOS = YES_AGGRESSIVE;
				GCC_WARN_UNUSED_FUNCTION = YES;
				GCC_WARN_UNUSED_VARIABLE = YES;
				IPHONEOS_DEPLOYMENT_TARGET = 13.5;
				MTL_ENABLE_DEBUG_INFO = INCLUDE_SOURCE;
				MTL_FAST_MATH = YES;
				ONLY_ACTIVE_ARCH = YES;
				SDKROOT = iphoneos;
				SWIFT_ACTIVE_COMPILATION_CONDITIONS = DEBUG;
				SWIFT_OPTIMIZATION_LEVEL = "-Onone";
			};
			name = Debug;
		};
		8D5A371B2563972000451664 /* Release */ = {
			isa = XCBuildConfiguration;
			buildSettings = {
				ALWAYS_SEARCH_USER_PATHS = NO;
				CLANG_ANALYZER_NONNULL = YES;
				CLANG_ANALYZER_NUMBER_OBJECT_CONVERSION = YES_AGGRESSIVE;
				CLANG_CXX_LANGUAGE_STANDARD = "gnu++14";
				CLANG_CXX_LIBRARY = "libc++";
				CLANG_ENABLE_MODULES = YES;
				CLANG_ENABLE_OBJC_ARC = YES;
				CLANG_ENABLE_OBJC_WEAK = YES;
				CLANG_WARN_BLOCK_CAPTURE_AUTORELEASING = YES;
				CLANG_WARN_BOOL_CONVERSION = YES;
				CLANG_WARN_COMMA = YES;
				CLANG_WARN_CONSTANT_CONVERSION = YES;
				CLANG_WARN_DEPRECATED_OBJC_IMPLEMENTATIONS = YES;
				CLANG_WARN_DIRECT_OBJC_ISA_USAGE = YES_ERROR;
				CLANG_WARN_DOCUMENTATION_COMMENTS = YES;
				CLANG_WARN_EMPTY_BODY = YES;
				CLANG_WARN_ENUM_CONVERSION = YES;
				CLANG_WARN_INFINITE_RECURSION = YES;
				CLANG_WARN_INT_CONVERSION = YES;
				CLANG_WARN_NON_LITERAL_NULL_CONVERSION = YES;
				CLANG_WARN_OBJC_IMPLICIT_RETAIN_SELF = YES;
				CLANG_WARN_OBJC_LITERAL_CONVERSION = YES;
				CLANG_WARN_OBJC_ROOT_CLASS = YES_ERROR;
				CLANG_WARN_QUOTED_INCLUDE_IN_FRAMEWORK_HEADER = YES;
				CLANG_WARN_RANGE_LOOP_ANALYSIS = YES;
				CLANG_WARN_STRICT_PROTOTYPES = YES;
				CLANG_WARN_SUSPICIOUS_MOVE = YES;
				CLANG_WARN_UNGUARDED_AVAILABILITY = YES_AGGRESSIVE;
				CLANG_WARN_UNREACHABLE_CODE = YES;
				CLANG_WARN__DUPLICATE_METHOD_MATCH = YES;
				COPY_PHASE_STRIP = NO;
				DEBUG_INFORMATION_FORMAT = "dwarf-with-dsym";
				ENABLE_NS_ASSERTIONS = NO;
				ENABLE_STRICT_OBJC_MSGSEND = YES;
				GCC_C_LANGUAGE_STANDARD = gnu11;
				GCC_NO_COMMON_BLOCKS = YES;
				GCC_WARN_64_TO_32_BIT_CONVERSION = YES;
				GCC_WARN_ABOUT_RETURN_TYPE = YES_ERROR;
				GCC_WARN_UNDECLARED_SELECTOR = YES;
				GCC_WARN_UNINITIALIZED_AUTOS = YES_AGGRESSIVE;
				GCC_WARN_UNUSED_FUNCTION = YES;
				GCC_WARN_UNUSED_VARIABLE = YES;
				IPHONEOS_DEPLOYMENT_TARGET = 13.5;
				MTL_ENABLE_DEBUG_INFO = NO;
				MTL_FAST_MATH = YES;
				SDKROOT = iphoneos;
				SWIFT_COMPILATION_MODE = wholemodule;
				SWIFT_OPTIMIZATION_LEVEL = "-O";
				VALIDATE_PRODUCT = YES;
			};
			name = Release;
		};
		8D5A371D2563972000451664 /* Debug */ = {
			isa = XCBuildConfiguration;
			baseConfigurationReference = AA654B14923CBCAFE7FA07A7 /* Pods-TestingDatabase.debug.xcconfig */;
			buildSettings = {
				ASSETCATALOG_COMPILER_APPICON_NAME = AppIcon;
				CODE_SIGN_STYLE = Automatic;
				INFOPLIST_FILE = TestingDatabase/Info.plist;
				LD_RUNPATH_SEARCH_PATHS = (
					"$(inherited)",
					"@executable_path/Frameworks",
				);
				PRODUCT_BUNDLE_IDENTIFIER = "Keith-Nelson.TestingDatabase";
				PRODUCT_NAME = SafeConnect;
				SWIFT_VERSION = 5.0;
				TARGETED_DEVICE_FAMILY = "1,2";
			};
			name = Debug;
		};
		8D5A371E2563972000451664 /* Release */ = {
			isa = XCBuildConfiguration;
			baseConfigurationReference = 61E7E99E2561520D81340019 /* Pods-TestingDatabase.release.xcconfig */;
			buildSettings = {
				ASSETCATALOG_COMPILER_APPICON_NAME = AppIcon;
				CODE_SIGN_STYLE = Automatic;
				INFOPLIST_FILE = TestingDatabase/Info.plist;
				LD_RUNPATH_SEARCH_PATHS = (
					"$(inherited)",
					"@executable_path/Frameworks",
				);
				PRODUCT_BUNDLE_IDENTIFIER = "Keith-Nelson.TestingDatabase";
				PRODUCT_NAME = SafeConnect;
				SWIFT_VERSION = 5.0;
				TARGETED_DEVICE_FAMILY = "1,2";
			};
			name = Release;
		};
/* End XCBuildConfiguration section */

/* Begin XCConfigurationList section */
		8D5A37032563971800451664 /* Build configuration list for PBXProject "TestingDatabase" */ = {
			isa = XCConfigurationList;
			buildConfigurations = (
				8D5A371A2563972000451664 /* Debug */,
				8D5A371B2563972000451664 /* Release */,
			);
			defaultConfigurationIsVisible = 0;
			defaultConfigurationName = Release;
		};
		8D5A371C2563972000451664 /* Build configuration list for PBXNativeTarget "TestingDatabase" */ = {
			isa = XCConfigurationList;
			buildConfigurations = (
				8D5A371D2563972000451664 /* Debug */,
				8D5A371E2563972000451664 /* Release */,
			);
			defaultConfigurationIsVisible = 0;
			defaultConfigurationName = Release;
		};
/* End XCConfigurationList section */
	};
	rootObject = 8D5A37002563971800451664 /* Project object */;
}
